
Microsoft Visual Studio Solution File, Format Version 12.00
# Visual Studio 11
Project("{FAE04EC0-301F-11D3-BF4B-00C04F79EFBC}") = "WPF", "UIAtoms\WPF.csproj", "{4200CD6F-66F9-48AF-8230-BAAEAEB6C8AF}"
EndProject
Project("{FAE04EC0-301F-11D3-BF4B-00C04F79EFBC}") = "ControlMetaData", "..\..\Metro\UIAtoms\ControlMetaData\ControlMetaData.csproj", "{D82AA48A-907F-43D7-9D8F-A6AC883215BD}"
EndProject
Project("{FAE04EC0-301F-11D3-BF4B-00C04F79EFBC}") = "WPFSamples", "UIAtoms.WPFSample\WPFSamples.csproj", "{8A4E4B82-97A7-4812-A995-6617FCC5665C}"
EndProject
Project("{FAE04EC0-301F-11D3-BF4B-00C04F79EFBC}") = "ThemeProcessor", "ThemeProcessor\ThemeProcessor.csproj", "{8D895DE3-274B-4336-99DE-A1459857FC86}"
EndProject
Project("{FAE04EC0-301F-11D3-BF4B-00C04F79EFBC}") = "WPFTest", "WPFTest\WPFTest.csproj", "{790E132F-ACB8-4119-8A4A-CE17B1485B4E}"
EndProject
Global
	GlobalSection(TeamFoundationVersionControl) = preSolution
		SccEnterpriseProvider = {4CA58AB2-18FA-4F8D-95D4-32DDF27D184C}
		SccLocalPath0 = .
		SccLocalPath1 = ..\\..\\Metro\\UIAtoms\\ControlMetaData
		SccLocalPath2 = UIAtoms
		SccLocalPath3 = UIAtoms.WPFSample
		SccLocalPath4 = ThemeProcessor
		SccLocalPath5 = WPFTest
		SccNumberOfProjects = 6
		SccProjectName1 = ../../Metro/UIAtoms/ControlMetaData
		SccProjectName2 = UIAtoms
		SccProjectName3 = UIAtoms.WPFSample
		SccProjectName4 = ThemeProcessor
		SccProjectName5 = WPFTest
		SccProjectUniqueName1 = ..\\..\\Metro\\UIAtoms\\ControlMetaData\\ControlMetaData.csproj
		SccProjectUniqueName2 = UIAtoms\\WPF.csproj
		SccProjectUniqueName3 = UIAtoms.WPFSample\\WPFSamples.csproj
		SccProjectUniqueName4 = ThemeProcessor\\ThemeProcessor.csproj
		SccProjectUniqueName5 = WPFTest\\WPFTest.csproj
		SccTeamFoundationServer = http://tfs.800casting.com:8080/tfs/neurospeech
	EndGlobalSection
	GlobalSection(SolutionConfigurationPlatforms) = preSolution
		Debug4|Any CPU = Debug4|Any CPU
		Debug4|Mixed Platforms = Debug4|Mixed Platforms
		Debug4|x86 = Debug4|x86
		DebugDemo4|Any CPU = DebugDemo4|Any CPU
		DebugDemo4|Mixed Platforms = DebugDemo4|Mixed Platforms
		DebugDemo4|x86 = DebugDemo4|x86
		DebugDemo|Any CPU = DebugDemo|Any CPU
		DebugDemo|Mixed Platforms = DebugDemo|Mixed Platforms
		DebugDemo|x86 = DebugDemo|x86
		Debug|Any CPU = Debug|Any CPU
		Debug|Mixed Platforms = Debug|Mixed Platforms
		Debug|x86 = Debug|x86
		Release4|Any CPU = Release4|Any CPU
		Release4|Mixed Platforms = Release4|Mixed Platforms
		Release4|x86 = Release4|x86
		ReleaseDemo4|Any CPU = ReleaseDemo4|Any CPU
		ReleaseDemo4|Mixed Platforms = ReleaseDemo4|Mixed Platforms
		ReleaseDemo4|x86 = ReleaseDemo4|x86
		ReleaseDemo|Any CPU = ReleaseDemo|Any CPU
		ReleaseDemo|Mixed Platforms = ReleaseDemo|Mixed Platforms
		ReleaseDemo|x86 = ReleaseDemo|x86
		Release|Any CPU = Release|Any CPU
		Release|Mixed Platforms = Release|Mixed Platforms
		Release|x86 = Release|x86
	EndGlobalSection
	GlobalSection(ProjectConfigurationPlatforms) = postSolution
		{4200CD6F-66F9-48AF-8230-BAAEAEB6C8AF}.Debug4|Any CPU.ActiveCfg = Debug|Any CPU
		{4200CD6F-66F9-48AF-8230-BAAEAEB6C8AF}.Debug4|Any CPU.Build.0 = Debug|Any CPU
		{4200CD6F-66F9-48AF-8230-BAAEAEB6C8AF}.Debug4|Mixed Platforms.ActiveCfg = Debug|Any CPU
		{4200CD6F-66F9-48AF-8230-BAAEAEB6C8AF}.Debug4|Mixed Platforms.Build.0 = Debug|Any CPU
		{4200CD6F-66F9-48AF-8230-BAAEAEB6C8AF}.Debug4|x86.ActiveCfg = Debug|Any CPU
		{4200CD6F-66F9-48AF-8230-BAAEAEB6C8AF}.DebugDemo4|Any CPU.ActiveCfg = Debug|Any CPU
		{4200CD6F-66F9-48AF-8230-BAAEAEB6C8AF}.DebugDemo4|Any CPU.Build.0 = Debug|Any CPU
		{4200CD6F-66F9-48AF-8230-BAAEAEB6C8AF}.DebugDemo4|Mixed Platforms.ActiveCfg = Debug|Any CPU
		{4200CD6F-66F9-48AF-8230-BAAEAEB6C8AF}.DebugDemo4|Mixed Platforms.Build.0 = Debug|Any CPU
		{4200CD6F-66F9-48AF-8230-BAAEAEB6C8AF}.DebugDemo4|x86.ActiveCfg = Debug|Any CPU
		{4200CD6F-66F9-48AF-8230-BAAEAEB6C8AF}.DebugDemo|Any CPU.ActiveCfg = Debug|Any CPU
		{4200CD6F-66F9-48AF-8230-BAAEAEB6C8AF}.DebugDemo|Any CPU.Build.0 = Debug|Any CPU
		{4200CD6F-66F9-48AF-8230-BAAEAEB6C8AF}.DebugDemo|Mixed Platforms.ActiveCfg = Debug|Any CPU
		{4200CD6F-66F9-48AF-8230-BAAEAEB6C8AF}.DebugDemo|Mixed Platforms.Build.0 = Debug|Any CPU
		{4200CD6F-66F9-48AF-8230-BAAEAEB6C8AF}.DebugDemo|x86.ActiveCfg = Debug|Any CPU
		{4200CD6F-66F9-48AF-8230-BAAEAEB6C8AF}.Debug|Any CPU.ActiveCfg = Debug|Any CPU
		{4200CD6F-66F9-48AF-8230-BAAEAEB6C8AF}.Debug|Any CPU.Build.0 = Debug|Any CPU
		{4200CD6F-66F9-48AF-8230-BAAEAEB6C8AF}.Debug|Mixed Platforms.ActiveCfg = Debug|Any CPU
		{4200CD6F-66F9-48AF-8230-BAAEAEB6C8AF}.Debug|Mixed Platforms.Build.0 = Debug|Any CPU
		{4200CD6F-66F9-48AF-8230-BAAEAEB6C8AF}.Debug|x86.ActiveCfg = Debug|Any CPU
		{4200CD6F-66F9-48AF-8230-BAAEAEB6C8AF}.Release4|Any CPU.ActiveCfg = Release|Any CPU
		{4200CD6F-66F9-48AF-8230-BAAEAEB6C8AF}.Release4|Any CPU.Build.0 = Release|Any CPU
		{4200CD6F-66F9-48AF-8230-BAAEAEB6C8AF}.Release4|Mixed Platforms.ActiveCfg = Release|Any CPU
		{4200CD6F-66F9-48AF-8230-BAAEAEB6C8AF}.Release4|Mixed Platforms.Build.0 = Release|Any CPU
		{4200CD6F-66F9-48AF-8230-BAAEAEB6C8AF}.Release4|x86.ActiveCfg = Release|Any CPU
		{4200CD6F-66F9-48AF-8230-BAAEAEB6C8AF}.ReleaseDemo4|Any CPU.ActiveCfg = Release|Any CPU
		{4200CD6F-66F9-48AF-8230-BAAEAEB6C8AF}.ReleaseDemo4|Any CPU.Build.0 = Release|Any CPU
		{4200CD6F-66F9-48AF-8230-BAAEAEB6C8AF}.ReleaseDemo4|Mixed Platforms.ActiveCfg = Release|Any CPU
		{4200CD6F-66F9-48AF-8230-BAAEAEB6C8AF}.ReleaseDemo4|Mixed Platforms.Build.0 = Release|Any CPU
		{4200CD6F-66F9-48AF-8230-BAAEAEB6C8AF}.ReleaseDemo4|x86.ActiveCfg = Release|Any CPU
		{4200CD6F-66F9-48AF-8230-BAAEAEB6C8AF}.ReleaseDemo|Any CPU.ActiveCfg = Release|Any CPU
		{4200CD6F-66F9-48AF-8230-BAAEAEB6C8AF}.ReleaseDemo|Any CPU.Build.0 = Release|Any CPU
		{4200CD6F-66F9-48AF-8230-BAAEAEB6C8AF}.ReleaseDemo|Mixed Platforms.ActiveCfg = Release|Any CPU
		{4200CD6F-66F9-48AF-8230-BAAEAEB6C8AF}.ReleaseDemo|Mixed Platforms.Build.0 = Release|Any CPU
		{4200CD6F-66F9-48AF-8230-BAAEAEB6C8AF}.ReleaseDemo|x86.ActiveCfg = Release|Any CPU
		{4200CD6F-66F9-48AF-8230-BAAEAEB6C8AF}.Release|Any CPU.ActiveCfg = Release|Any CPU
		{4200CD6F-66F9-48AF-8230-BAAEAEB6C8AF}.Release|Any CPU.Build.0 = Release|Any CPU
		{4200CD6F-66F9-48AF-8230-BAAEAEB6C8AF}.Release|Mixed Platforms.ActiveCfg = Release|Any CPU
		{4200CD6F-66F9-48AF-8230-BAAEAEB6C8AF}.Release|Mixed Platforms.Build.0 = Release|Any CPU
		{4200CD6F-66F9-48AF-8230-BAAEAEB6C8AF}.Release|x86.ActiveCfg = Release|Any CPU
		{790E132F-ACB8-4119-8A4A-CE17B1485B4E}.Debug4|Any CPU.ActiveCfg = Debug|Any CPU
		{790E132F-ACB8-4119-8A4A-CE17B1485B4E}.Debug4|Any CPU.Build.0 = Debug|Any CPU
		{790E132F-ACB8-4119-8A4A-CE17B1485B4E}.Debug4|Mixed Platforms.ActiveCfg = Debug|Any CPU
		{790E132F-ACB8-4119-8A4A-CE17B1485B4E}.Debug4|Mixed Platforms.Build.0 = Debug|Any CPU
		{790E132F-ACB8-4119-8A4A-CE17B1485B4E}.Debug4|x86.ActiveCfg = Debug|Any CPU
		{790E132F-ACB8-4119-8A4A-CE17B1485B4E}.DebugDemo4|Any CPU.ActiveCfg = Debug|Any CPU
		{790E132F-ACB8-4119-8A4A-CE17B1485B4E}.DebugDemo4|Any CPU.Build.0 = Debug|Any CPU
		{790E132F-ACB8-4119-8A4A-CE17B1485B4E}.DebugDemo4|Mixed Platforms.ActiveCfg = Debug|Any CPU
		{790E132F-ACB8-4119-8A4A-CE17B1485B4E}.DebugDemo4|Mixed Platforms.Build.0 = Debug|Any CPU
		{790E132F-ACB8-4119-8A4A-CE17B1485B4E}.DebugDemo4|x86.ActiveCfg = Debug|Any CPU
		{790E132F-ACB8-4119-8A4A-CE17B1485B4E}.DebugDemo|Any CPU.ActiveCfg = Debug|Any CPU
		{790E132F-ACB8-4119-8A4A-CE17B1485B4E}.DebugDemo|Any CPU.Build.0 = Debug|Any CPU
		{790E132F-ACB8-4119-8A4A-CE17B1485B4E}.DebugDemo|Mixed Platforms.ActiveCfg = Debug|Any CPU
		{790E132F-ACB8-4119-8A4A-CE17B1485B4E}.DebugDemo|Mixed Platforms.Build.0 = Debug|Any CPU
		{790E132F-ACB8-4119-8A4A-CE17B1485B4E}.DebugDemo|x86.ActiveCfg = Debug|Any CPU
		{790E132F-ACB8-4119-8A4A-CE17B1485B4E}.Debug|Any CPU.ActiveCfg = Debug|Any CPU
		{790E132F-ACB8-4119-8A4A-CE17B1485B4E}.Debug|Any CPU.Build.0 = Debug|Any CPU
		{790E132F-ACB8-4119-8A4A-CE17B1485B4E}.Debug|Mixed Platforms.ActiveCfg = Debug|Any CPU
		{790E132F-ACB8-4119-8A4A-CE17B1485B4E}.Debug|Mixed Platforms.Build.0 = Debug|Any CPU
		{790E132F-ACB8-4119-8A4A-CE17B1485B4E}.Debug|x86.ActiveCfg = Debug|Any CPU
		{790E132F-ACB8-4119-8A4A-CE17B1485B4E}.Release4|Any CPU.ActiveCfg = Release|Any CPU
		{790E132F-ACB8-4119-8A4A-CE17B1485B4E}.Release4|Any CPU.Build.0 = Release|Any CPU
		{790E132F-ACB8-4119-8A4A-CE17B1485B4E}.Release4|Mixed Platforms.ActiveCfg = Release|Any CPU
		{790E132F-ACB8-4119-8A4A-CE17B1485B4E}.Release4|Mixed Platforms.Build.0 = Release|Any CPU
		{790E132F-ACB8-4119-8A4A-CE17B1485B4E}.Release4|x86.ActiveCfg = Release|Any CPU
		{790E132F-ACB8-4119-8A4A-CE17B1485B4E}.ReleaseDemo4|Any CPU.ActiveCfg = Release|Any CPU
		{790E132F-ACB8-4119-8A4A-CE17B1485B4E}.ReleaseDemo4|Any CPU.Build.0 = Release|Any CPU
		{790E132F-ACB8-4119-8A4A-CE17B1485B4E}.ReleaseDemo4|Mixed Platforms.ActiveCfg = Release|Any CPU
		{790E132F-ACB8-4119-8A4A-CE17B1485B4E}.ReleaseDemo4|Mixed Platforms.Build.0 = Release|Any CPU
		{790E132F-ACB8-4119-8A4A-CE17B1485B4E}.ReleaseDemo4|x86.ActiveCfg = Release|Any CPU
		{790E132F-ACB8-4119-8A4A-CE17B1485B4E}.ReleaseDemo|Any CPU.ActiveCfg = Release|Any CPU
		{790E132F-ACB8-4119-8A4A-CE17B1485B4E}.ReleaseDemo|Any CPU.Build.0 = Release|Any CPU
		{790E132F-ACB8-4119-8A4A-CE17B1485B4E}.ReleaseDemo|Mixed Platforms.ActiveCfg = Release|Any CPU
		{790E132F-ACB8-4119-8A4A-CE17B1485B4E}.ReleaseDemo|Mixed Platforms.Build.0 = Release|Any CPU
		{790E132F-ACB8-4119-8A4A-CE17B1485B4E}.ReleaseDemo|x86.ActiveCfg = Release|Any CPU
		{790E132F-ACB8-4119-8A4A-CE17B1485B4E}.Release|Any CPU.ActiveCfg = Release|Any CPU
		{790E132F-ACB8-4119-8A4A-CE17B1485B4E}.Release|Any CPU.Build.0 = Release|Any CPU
		{790E132F-ACB8-4119-8A4A-CE17B1485B4E}.Release|Mixed Platforms.ActiveCfg = Release|Any CPU
		{790E132F-ACB8-4119-8A4A-CE17B1485B4E}.Release|Mixed Platforms.Build.0 = Release|Any CPU
		{790E132F-ACB8-4119-8A4A-CE17B1485B4E}.Release|x86.ActiveCfg = Release|Any CPU
		{8A4E4B82-97A7-4812-A995-6617FCC5665C}.Debug4|Any CPU.ActiveCfg = Debug|Any CPU
		{8A4E4B82-97A7-4812-A995-6617FCC5665C}.Debug4|Any CPU.Build.0 = Debug|Any CPU
		{8A4E4B82-97A7-4812-A995-6617FCC5665C}.Debug4|Mixed Platforms.ActiveCfg = Debug|Any CPU
		{8A4E4B82-97A7-4812-A995-6617FCC5665C}.Debug4|Mixed Platforms.Build.0 = Debug|Any CPU
		{8A4E4B82-97A7-4812-A995-6617FCC5665C}.Debug4|x86.ActiveCfg = Debug|Any CPU
		{8A4E4B82-97A7-4812-A995-6617FCC5665C}.DebugDemo4|Any CPU.ActiveCfg = Debug|Any CPU
		{8A4E4B82-97A7-4812-A995-6617FCC5665C}.DebugDemo4|Any CPU.Build.0 = Debug|Any CPU
		{8A4E4B82-97A7-4812-A995-6617FCC5665C}.DebugDemo4|Mixed Platforms.ActiveCfg = Debug|Any CPU
		{8A4E4B82-97A7-4812-A995-6617FCC5665C}.DebugDemo4|Mixed Platforms.Build.0 = Debug|Any CPU
		{8A4E4B82-97A7-4812-A995-6617FCC5665C}.DebugDemo4|x86.ActiveCfg = Debug|Any CPU
		{8A4E4B82-97A7-4812-A995-6617FCC5665C}.DebugDemo|Any CPU.ActiveCfg = Debug|Any CPU
		{8A4E4B82-97A7-4812-A995-6617FCC5665C}.DebugDemo|Any CPU.Build.0 = Debug|Any CPU
		{8A4E4B82-97A7-4812-A995-6617FCC5665C}.DebugDemo|Mixed Platforms.ActiveCfg = Debug|Any CPU
		{8A4E4B82-97A7-4812-A995-6617FCC5665C}.DebugDemo|Mixed Platforms.Build.0 = Debug|Any CPU
		{8A4E4B82-97A7-4812-A995-6617FCC5665C}.DebugDemo|x86.ActiveCfg = Debug|Any CPU
		{8A4E4B82-97A7-4812-A995-6617FCC5665C}.Debug|Any CPU.ActiveCfg = Debug|Any CPU
		{8A4E4B82-97A7-4812-A995-6617FCC5665C}.Debug|Any CPU.Build.0 = Debug|Any CPU
		{8A4E4B82-97A7-4812-A995-6617FCC5665C}.Debug|Mixed Platforms.ActiveCfg = Debug|Any CPU
		{8A4E4B82-97A7-4812-A995-6617FCC5665C}.Debug|Mixed Platforms.Build.0 = Debug|Any CPU
		{8A4E4B82-97A7-4812-A995-6617FCC5665C}.Debug|x86.ActiveCfg = Debug|Any CPU
		{8A4E4B82-97A7-4812-A995-6617FCC5665C}.Release4|Any CPU.ActiveCfg = Release|Any CPU
		{8A4E4B82-97A7-4812-A995-6617FCC5665C}.Release4|Any CPU.Build.0 = Release|Any CPU
		{8A4E4B82-97A7-4812-A995-6617FCC5665C}.Release4|Mixed Platforms.ActiveCfg = Release|Any CPU
		{8A4E4B82-97A7-4812-A995-6617FCC5665C}.Release4|Mixed Platforms.Build.0 = Release|Any CPU
		{8A4E4B82-97A7-4812-A995-6617FCC5665C}.Release4|x86.ActiveCfg = Release|Any CPU
		{8A4E4B82-97A7-4812-A995-6617FCC5665C}.ReleaseDemo4|Any CPU.ActiveCfg = Release|Any CPU
		{8A4E4B82-97A7-4812-A995-6617FCC5665C}.ReleaseDemo4|Any CPU.Build.0 = Release|Any CPU
		{8A4E4B82-97A7-4812-A995-6617FCC5665C}.ReleaseDemo4|Mixed Platforms.ActiveCfg = Release|Any CPU
		{8A4E4B82-97A7-4812-A995-6617FCC5665C}.ReleaseDemo4|Mixed Platforms.Build.0 = Release|Any CPU
		{8A4E4B82-97A7-4812-A995-6617FCC5665C}.ReleaseDemo4|x86.ActiveCfg = Release|Any CPU
		{8A4E4B82-97A7-4812-A995-6617FCC5665C}.ReleaseDemo|Any CPU.ActiveCfg = Release|Any CPU
		{8A4E4B82-97A7-4812-A995-6617FCC5665C}.ReleaseDemo|Any CPU.Build.0 = Release|Any CPU
		{8A4E4B82-97A7-4812-A995-6617FCC5665C}.ReleaseDemo|Mixed Platforms.ActiveCfg = Release|Any CPU
		{8A4E4B82-97A7-4812-A995-6617FCC5665C}.ReleaseDemo|Mixed Platforms.Build.0 = Release|Any CPU
		{8A4E4B82-97A7-4812-A995-6617FCC5665C}.ReleaseDemo|x86.ActiveCfg = Release|Any CPU
		{8A4E4B82-97A7-4812-A995-6617FCC5665C}.Release|Any CPU.ActiveCfg = Release|Any CPU
		{8A4E4B82-97A7-4812-A995-6617FCC5665C}.Release|Any CPU.Build.0 = Release|Any CPU
		{8A4E4B82-97A7-4812-A995-6617FCC5665C}.Release|Mixed Platforms.ActiveCfg = Release|Any CPU
		{8A4E4B82-97A7-4812-A995-6617FCC5665C}.Release|Mixed Platforms.Build.0 = Release|Any CPU
		{8A4E4B82-97A7-4812-A995-6617FCC5665C}.Release|x86.ActiveCfg = Release|Any CPU
		{8D895DE3-274B-4336-99DE-A1459857FC86}.Debug4|Any CPU.ActiveCfg = Debug|x86
		{8D895DE3-274B-4336-99DE-A1459857FC86}.Debug4|Mixed Platforms.ActiveCfg = Debug|x86
		{8D895DE3-274B-4336-99DE-A1459857FC86}.Debug4|Mixed Platforms.Build.0 = Debug|x86
		{8D895DE3-274B-4336-99DE-A1459857FC86}.Debug4|x86.ActiveCfg = Debug|x86
		{8D895DE3-274B-4336-99DE-A1459857FC86}.Debug4|x86.Build.0 = Debug|x86
		{8D895DE3-274B-4336-99DE-A1459857FC86}.DebugDemo4|Any CPU.ActiveCfg = Debug|x86
		{8D895DE3-274B-4336-99DE-A1459857FC86}.DebugDemo4|Mixed Platforms.ActiveCfg = Debug|x86
		{8D895DE3-274B-4336-99DE-A1459857FC86}.DebugDemo4|Mixed Platforms.Build.0 = Debug|x86
		{8D895DE3-274B-4336-99DE-A1459857FC86}.DebugDemo4|x86.ActiveCfg = Debug|x86
		{8D895DE3-274B-4336-99DE-A1459857FC86}.DebugDemo4|x86.Build.0 = Debug|x86
		{8D895DE3-274B-4336-99DE-A1459857FC86}.DebugDemo|Any CPU.ActiveCfg = Debug|x86
		{8D895DE3-274B-4336-99DE-A1459857FC86}.DebugDemo|Mixed Platforms.ActiveCfg = Debug|x86
		{8D895DE3-274B-4336-99DE-A1459857FC86}.DebugDemo|Mixed Platforms.Build.0 = Debug|x86
		{8D895DE3-274B-4336-99DE-A1459857FC86}.DebugDemo|x86.ActiveCfg = Debug|x86
		{8D895DE3-274B-4336-99DE-A1459857FC86}.DebugDemo|x86.Build.0 = Debug|x86
		{8D895DE3-274B-4336-99DE-A1459857FC86}.Debug|Any CPU.ActiveCfg = Debug|x86
		{8D895DE3-274B-4336-99DE-A1459857FC86}.Debug|Mixed Platforms.ActiveCfg = Debug|x86
		{8D895DE3-274B-4336-99DE-A1459857FC86}.Debug|Mixed Platforms.Build.0 = Debug|x86
		{8D895DE3-274B-4336-99DE-A1459857FC86}.Debug|x86.ActiveCfg = Debug|x86
		{8D895DE3-274B-4336-99DE-A1459857FC86}.Debug|x86.Build.0 = Debug|x86
		{8D895DE3-274B-4336-99DE-A1459857FC86}.Release4|Any CPU.ActiveCfg = Release|x86
		{8D895DE3-274B-4336-99DE-A1459857FC86}.Release4|Mixed Platforms.ActiveCfg = Release|x86
		{8D895DE3-274B-4336-99DE-A1459857FC86}.Release4|Mixed Platforms.Build.0 = Release|x86
		{8D895DE3-274B-4336-99DE-A1459857FC86}.Release4|x86.ActiveCfg = Release|x86
		{8D895DE3-274B-4336-99DE-A1459857FC86}.Release4|x86.Build.0 = Release|x86
		{8D895DE3-274B-4336-99DE-A1459857FC86}.ReleaseDemo4|Any CPU.ActiveCfg = Release|x86
		{8D895DE3-274B-4336-99DE-A1459857FC86}.ReleaseDemo4|Mixed Platforms.ActiveCfg = Release|x86
		{8D895DE3-274B-4336-99DE-A1459857FC86}.ReleaseDemo4|Mixed Platforms.Build.0 = Release|x86
		{8D895DE3-274B-4336-99DE-A1459857FC86}.ReleaseDemo4|x86.ActiveCfg = Release|x86
		{8D895DE3-274B-4336-99DE-A1459857FC86}.ReleaseDemo4|x86.Build.0 = Release|x86
		{8D895DE3-274B-4336-99DE-A1459857FC86}.ReleaseDemo|Any CPU.ActiveCfg = Release|x86
		{8D895DE3-274B-4336-99DE-A1459857FC86}.ReleaseDemo|Mixed Platforms.ActiveCfg = Release|x86
		{8D895DE3-274B-4336-99DE-A1459857FC86}.ReleaseDemo|Mixed Platforms.Build.0 = Release|x86
		{8D895DE3-274B-4336-99DE-A1459857FC86}.ReleaseDemo|x86.ActiveCfg = Release|x86
		{8D895DE3-274B-4336-99DE-A1459857FC86}.ReleaseDemo|x86.Build.0 = Release|x86
		{8D895DE3-274B-4336-99DE-A1459857FC86}.Release|Any CPU.ActiveCfg = Release|x86
		{8D895DE3-274B-4336-99DE-A1459857FC86}.Release|Mixed Platforms.ActiveCfg = Release|x86
		{8D895DE3-274B-4336-99DE-A1459857FC86}.Release|Mixed Platforms.Build.0 = Release|x86
		{8D895DE3-274B-4336-99DE-A1459857FC86}.Release|x86.ActiveCfg = Release|x86
		{8D895DE3-274B-4336-99DE-A1459857FC86}.Release|x86.Build.0 = Release|x86
		{D82AA48A-907F-43D7-9D8F-A6AC883215BD}.Debug4|Any CPU.ActiveCfg = Debug|Any CPU
		{D82AA48A-907F-43D7-9D8F-A6AC883215BD}.Debug4|Any CPU.Build.0 = Debug|Any CPU
		{D82AA48A-907F-43D7-9D8F-A6AC883215BD}.Debug4|Mixed Platforms.ActiveCfg = Debug|Any CPU
		{D82AA48A-907F-43D7-9D8F-A6AC883215BD}.Debug4|Mixed Platforms.Build.0 = Debug|Any CPU
		{D82AA48A-907F-43D7-9D8F-A6AC883215BD}.Debug4|x86.ActiveCfg = Debug|Any CPU
		{D82AA48A-907F-43D7-9D8F-A6AC883215BD}.DebugDemo4|Any CPU.ActiveCfg = Debug|Any CPU
		{D82AA48A-907F-43D7-9D8F-A6AC883215BD}.DebugDemo4|Any CPU.Build.0 = Debug|Any CPU
		{D82AA48A-907F-43D7-9D8F-A6AC883215BD}.DebugDemo4|Mixed Platforms.ActiveCfg = Debug|Any CPU
		{D82AA48A-907F-43D7-9D8F-A6AC883215BD}.DebugDemo4|Mixed Platforms.Build.0 = Debug|Any CPU
		{D82AA48A-907F-43D7-9D8F-A6AC883215BD}.DebugDemo4|x86.ActiveCfg = Debug|Any CPU
		{D82AA48A-907F-43D7-9D8F-A6AC883215BD}.DebugDemo|Any CPU.ActiveCfg = Debug|Any CPU
		{D82AA48A-907F-43D7-9D8F-A6AC883215BD}.DebugDemo|Any CPU.Build.0 = Debug|Any CPU
		{D82AA48A-907F-43D7-9D8F-A6AC883215BD}.DebugDemo|Mixed Platforms.ActiveCfg = Debug|Any CPU
		{D82AA48A-907F-43D7-9D8F-A6AC883215BD}.DebugDemo|Mixed Platforms.Build.0 = Debug|Any CPU
		{D82AA48A-907F-43D7-9D8F-A6AC883215BD}.DebugDemo|x86.ActiveCfg = Debug|Any CPU
		{D82AA48A-907F-43D7-9D8F-A6AC883215BD}.Debug|Any CPU.ActiveCfg = Debug|Any CPU
		{D82AA48A-907F-43D7-9D8F-A6AC883215BD}.Debug|Any CPU.Build.0 = Debug|Any CPU
		{D82AA48A-907F-43D7-9D8F-A6AC883215BD}.Debug|Mixed Platforms.ActiveCfg = Debug|Any CPU
		{D82AA48A-907F-43D7-9D8F-A6AC883215BD}.Debug|Mixed Platforms.Build.0 = Debug|Any CPU
		{D82AA48A-907F-43D7-9D8F-A6AC883215BD}.Debug|x86.ActiveCfg = Debug|Any CPU
		{D82AA48A-907F-43D7-9D8F-A6AC883215BD}.Release4|Any CPU.ActiveCfg = Release|Any CPU
		{D82AA48A-907F-43D7-9D8F-A6AC883215BD}.Release4|Any CPU.Build.0 = Release|Any CPU
		{D82AA48A-907F-43D7-9D8F-A6AC883215BD}.Release4|Mixed Platforms.ActiveCfg = Release|Any CPU
		{D82AA48A-907F-43D7-9D8F-A6AC883215BD}.Release4|Mixed Platforms.Build.0 = Release|Any CPU
		{D82AA48A-907F-43D7-9D8F-A6AC883215BD}.Release4|x86.ActiveCfg = Release|Any CPU
		{D82AA48A-907F-43D7-9D8F-A6AC883215BD}.ReleaseDemo4|Any CPU.ActiveCfg = Release|Any CPU
		{D82AA48A-907F-43D7-9D8F-A6AC883215BD}.ReleaseDemo4|Any CPU.Build.0 = Release|Any CPU
		{D82AA48A-907F-43D7-9D8F-A6AC883215BD}.ReleaseDemo4|Mixed Platforms.ActiveCfg = Release|Any CPU
		{D82AA48A-907F-43D7-9D8F-A6AC883215BD}.ReleaseDemo4|Mixed Platforms.Build.0 = Release|Any CPU
		{D82AA48A-907F-43D7-9D8F-A6AC883215BD}.ReleaseDemo4|x86.ActiveCfg = Release|Any CPU
		{D82AA48A-907F-43D7-9D8F-A6AC883215BD}.ReleaseDemo|Any CPU.ActiveCfg = Release|Any CPU
		{D82AA48A-907F-43D7-9D8F-A6AC883215BD}.ReleaseDemo|Any CPU.Build.0 = Release|Any CPU
		{D82AA48A-907F-43D7-9D8F-A6AC883215BD}.ReleaseDemo|Mixed Platforms.ActiveCfg = Release|Any CPU
		{D82AA48A-907F-43D7-9D8F-A6AC883215BD}.ReleaseDemo|Mixed Platforms.Build.0 = Release|Any CPU
		{D82AA48A-907F-43D7-9D8F-A6AC883215BD}.ReleaseDemo|x86.ActiveCfg = Release|Any CPU
		{D82AA48A-907F-43D7-9D8F-A6AC883215BD}.Release|Any CPU.ActiveCfg = Release|Any CPU
		{D82AA48A-907F-43D7-9D8F-A6AC883215BD}.Release|Any CPU.Build.0 = Release|Any CPU
		{D82AA48A-907F-43D7-9D8F-A6AC883215BD}.Release|Mixed Platforms.ActiveCfg = Release|Any CPU
		{D82AA48A-907F-43D7-9D8F-A6AC883215BD}.Release|Mixed Platforms.Build.0 = Release|Any CPU
		{D82AA48A-907F-43D7-9D8F-A6AC883215BD}.Release|x86.ActiveCfg = Release|Any CPU
	EndGlobalSection
	GlobalSection(SolutionProperties) = preSolution
		HideSolutionNode = FALSE
	EndGlobalSection
EndGlobal
